
Microsoft Visual Studio Solution File, Format Version 12.00
# Visual Studio Version 17
VisualStudioVersion = 17.9.34723.18
MinimumVisualStudioVersion = 10.0.40219.1
Project("{FAE04EC0-301F-11D3-BF4B-00C04F79EFBC}") = "HMSApi", "HMSApi\HMSApi.csproj", "{1AF309A8-AB0A-4DE5-8B0B-D0B5BE9F2040}"
EndProject
Global
	GlobalSection(SolutionConfigurationPlatforms) = preSolution
		Debug|Any CPU = Debug|Any CPU
		Release|Any CPU = Release|Any CPU
	EndGlobalSection
	GlobalSection(ProjectConfigurationPlatforms) = postSolution
		{1AF309A8-AB0A-4DE5-8B0B-D0B5BE9F2040}.Debug|Any CPU.ActiveCfg = Debug|Any CPU
		{1AF309A8-AB0A-4DE5-8B0B-D0B5BE9F2040}.Debug|Any CPU.Build.0 = Debug|Any CPU
		{1AF309A8-AB0A-4DE5-8B0B-D0B5BE9F2040}.Release|Any CPU.ActiveCfg = Release|Any CPU
		{1AF309A8-AB0A-4DE5-8B0B-D0B5BE9F2040}.Release|Any CPU.Build.0 = Release|Any CPU
	EndGlobalSection
	GlobalSection(SolutionProperties) = preSolution
		HideSolutionNode = FALSE
	EndGlobalSection
	GlobalSection(ExtensibilityGlobals) = postSolution
		SolutionGuid = {B3BA1E18-FD2D-4207-96F7-BCA73C4A2AC5}
	EndGlobalSection
EndGlobal
